
Microsoft Visual Studio Solution File, Format Version 12.00
# Visual Studio 15
VisualStudioVersion = 15.0.28010.2041
MinimumVisualStudioVersion = 10.0.40219.1
Project("{FAE04EC0-301F-11D3-BF4B-00C04F79EFBC}") = "ASPNetCoreApi", "ASPNetCoreApi\ASPNetCoreApi.csproj", "{4662803D-F776-44E6-A778-7B8E03162BB9}"
EndProject
Project("{FAE04EC0-301F-11D3-BF4B-00C04F79EFBC}") = "DomainModel", "DomainModel\DomainModel.csproj", "{5CA4EE79-8F07-4986-A8F8-11DBCCE71AC5}"
EndProject
Project("{FAE04EC0-301F-11D3-BF4B-00C04F79EFBC}") = "DataTransition", "DataTransition\DataTransition.csproj", "{71EE33DE-3258-4681-A936-4A2819BDB278}"
EndProject
Global
	GlobalSection(SolutionConfigurationPlatforms) = preSolution
		Debug|Any CPU = Debug|Any CPU
		Release|Any CPU = Release|Any CPU
	EndGlobalSection
	GlobalSection(ProjectConfigurationPlatforms) = postSolution
		{4662803D-F776-44E6-A778-7B8E03162BB9}.Debug|Any CPU.ActiveCfg = Debug|Any CPU
		{4662803D-F776-44E6-A778-7B8E03162BB9}.Debug|Any CPU.Build.0 = Debug|Any CPU
		{4662803D-F776-44E6-A778-7B8E03162BB9}.Release|Any CPU.ActiveCfg = Release|Any CPU
		{4662803D-F776-44E6-A778-7B8E03162BB9}.Release|Any CPU.Build.0 = Release|Any CPU
		{5CA4EE79-8F07-4986-A8F8-11DBCCE71AC5}.Debug|Any CPU.ActiveCfg = Debug|Any CPU
		{5CA4EE79-8F07-4986-A8F8-11DBCCE71AC5}.Debug|Any CPU.Build.0 = Debug|Any CPU
		{5CA4EE79-8F07-4986-A8F8-11DBCCE71AC5}.Release|Any CPU.ActiveCfg = Release|Any CPU
		{5CA4EE79-8F07-4986-A8F8-11DBCCE71AC5}.Release|Any CPU.Build.0 = Release|Any CPU
		{71EE33DE-3258-4681-A936-4A2819BDB278}.Debug|Any CPU.ActiveCfg = Debug|Any CPU
		{71EE33DE-3258-4681-A936-4A2819BDB278}.Debug|Any CPU.Build.0 = Debug|Any CPU
		{71EE33DE-3258-4681-A936-4A2819BDB278}.Release|Any CPU.ActiveCfg = Release|Any CPU
		{71EE33DE-3258-4681-A936-4A2819BDB278}.Release|Any CPU.Build.0 = Release|Any CPU
	EndGlobalSection
	GlobalSection(SolutionProperties) = preSolution
		HideSolutionNode = FALSE
	EndGlobalSection
	GlobalSection(ExtensibilityGlobals) = postSolution
		SolutionGuid = {79D9EAAD-FA4C-4C3D-8573-D7D8973C5A1F}
	EndGlobalSection
EndGlobal
